
Microsoft Visual Studio Solution File, Format Version 12.00
Project("{FAE04EC0-301F-11D3-BF4B-00C04F79EFBC}") = "NeoMutalyzer", "NeoMutalyzer\NeoMutalyzer.csproj", "{A3606FFF-8B69-4E77-866F-5664F1D98B4B}"
EndProject
Project("{FAE04EC0-301F-11D3-BF4B-00C04F79EFBC}") = "UnitTests", "UnitTests\UnitTests.csproj", "{85128132-304C-4AE7-8155-65CF2F3CC799}"
EndProject
Project("{FAE04EC0-301F-11D3-BF4B-00C04F79EFBC}") = "GenBankDownloader", "GenBankDownloader\GenBankDownloader.csproj", "{2AF34A13-9624-433B-9B7E-23929B2A9EDA}"
EndProject
Project("{FAE04EC0-301F-11D3-BF4B-00C04F79EFBC}") = "ExtractGenBank", "ExtractGenBank\ExtractGenBank.csproj", "{8DFBC324-505D-47D8-8AA7-2BDFF1717F48}"
EndProject
Project("{FAE04EC0-301F-11D3-BF4B-00C04F79EFBC}") = "NeoMutalyzerShared", "NeoMutalyzerShared\NeoMutalyzerShared.csproj", "{BD23EE13-584F-4C4E-9595-47289C68A698}"
EndProject
Project("{FAE04EC0-301F-11D3-BF4B-00C04F79EFBC}") = "Compression", "Compression\Compression.csproj", "{13F8E530-9A7E-46B1-BE83-B5B230B9E676}"
EndProject
Project("{FAE04EC0-301F-11D3-BF4B-00C04F79EFBC}") = "ReferenceSequence", "ReferenceSequence\ReferenceSequence.csproj", "{93611799-4465-48C8-A88C-BD00DF433953}"
EndProject
Global
	GlobalSection(SolutionConfigurationPlatforms) = preSolution
		Debug|Any CPU = Debug|Any CPU
		Release|Any CPU = Release|Any CPU
	EndGlobalSection
	GlobalSection(ProjectConfigurationPlatforms) = postSolution
		{A3606FFF-8B69-4E77-866F-5664F1D98B4B}.Debug|Any CPU.ActiveCfg = Debug|Any CPU
		{A3606FFF-8B69-4E77-866F-5664F1D98B4B}.Debug|Any CPU.Build.0 = Debug|Any CPU
		{A3606FFF-8B69-4E77-866F-5664F1D98B4B}.Release|Any CPU.ActiveCfg = Release|Any CPU
		{A3606FFF-8B69-4E77-866F-5664F1D98B4B}.Release|Any CPU.Build.0 = Release|Any CPU
		{85128132-304C-4AE7-8155-65CF2F3CC799}.Debug|Any CPU.ActiveCfg = Debug|Any CPU
		{85128132-304C-4AE7-8155-65CF2F3CC799}.Debug|Any CPU.Build.0 = Debug|Any CPU
		{85128132-304C-4AE7-8155-65CF2F3CC799}.Release|Any CPU.ActiveCfg = Release|Any CPU
		{85128132-304C-4AE7-8155-65CF2F3CC799}.Release|Any CPU.Build.0 = Release|Any CPU
		{2AF34A13-9624-433B-9B7E-23929B2A9EDA}.Debug|Any CPU.ActiveCfg = Debug|Any CPU
		{2AF34A13-9624-433B-9B7E-23929B2A9EDA}.Debug|Any CPU.Build.0 = Debug|Any CPU
		{2AF34A13-9624-433B-9B7E-23929B2A9EDA}.Release|Any CPU.ActiveCfg = Release|Any CPU
		{2AF34A13-9624-433B-9B7E-23929B2A9EDA}.Release|Any CPU.Build.0 = Release|Any CPU
		{8DFBC324-505D-47D8-8AA7-2BDFF1717F48}.Debug|Any CPU.ActiveCfg = Debug|Any CPU
		{8DFBC324-505D-47D8-8AA7-2BDFF1717F48}.Debug|Any CPU.Build.0 = Debug|Any CPU
		{8DFBC324-505D-47D8-8AA7-2BDFF1717F48}.Release|Any CPU.ActiveCfg = Release|Any CPU
		{8DFBC324-505D-47D8-8AA7-2BDFF1717F48}.Release|Any CPU.Build.0 = Release|Any CPU
		{BD23EE13-584F-4C4E-9595-47289C68A698}.Debug|Any CPU.ActiveCfg = Debug|Any CPU
		{BD23EE13-584F-4C4E-9595-47289C68A698}.Debug|Any CPU.Build.0 = Debug|Any CPU
		{BD23EE13-584F-4C4E-9595-47289C68A698}.Release|Any CPU.ActiveCfg = Release|Any CPU
		{BD23EE13-584F-4C4E-9595-47289C68A698}.Release|Any CPU.Build.0 = Release|Any CPU
		{13F8E530-9A7E-46B1-BE83-B5B230B9E676}.Debug|Any CPU.ActiveCfg = Debug|Any CPU
		{13F8E530-9A7E-46B1-BE83-B5B230B9E676}.Debug|Any CPU.Build.0 = Debug|Any CPU
		{13F8E530-9A7E-46B1-BE83-B5B230B9E676}.Release|Any CPU.ActiveCfg = Release|Any CPU
		{13F8E530-9A7E-46B1-BE83-B5B230B9E676}.Release|Any CPU.Build.0 = Release|Any CPU
		{93611799-4465-48C8-A88C-BD00DF433953}.Debug|Any CPU.ActiveCfg = Debug|Any CPU
		{93611799-4465-48C8-A88C-BD00DF433953}.Debug|Any CPU.Build.0 = Debug|Any CPU
		{93611799-4465-48C8-A88C-BD00DF433953}.Release|Any CPU.ActiveCfg = Release|Any CPU
		{93611799-4465-48C8-A88C-BD00DF433953}.Release|Any CPU.Build.0 = Release|Any CPU
	EndGlobalSection
EndGlobal
